
Microsoft Visual Studio Solution File, Format Version 12.00
# Visual Studio Version 17
VisualStudioVersion = 17.0.31912.275
MinimumVisualStudioVersion = 10.0.40219.1
Project("{9A19103F-16F7-4668-BE54-9A1E7A4F7556}") = "ScreenRecord", "ScreenRecord\ScreenRecord.csproj", "{8757D744-A345-4C68-910B-C0CFA6FEA559}"
EndProject
Project("{9A19103F-16F7-4668-BE54-9A1E7A4F7556}") = "ScreenRecordTests", "ScreenRecord.Tests\ScreenRecordTests.csproj", "{4CF65CBA-510D-4305-96C4-343F6D975CB8}"
EndProject
Project("{9A19103F-16F7-4668-BE54-9A1E7A4F7556}") = "ScreenRecordSample", "ScreenRecordSample\ScreenRecordSample.csproj", "{3EF6820D-F715-4EC0-9A85-4A8236A8C537}"
EndProject
Project("{2150E333-8FDC-42A3-9474-1A3956D46DE8}") = "Solution Items", "Solution Items", "{1E8B4AEA-1E60-48F2-8AD4-C087D82836BC}"
	ProjectSection(SolutionItems) = preProject
		.editorconfig = .editorconfig
	EndProjectSection
EndProject
Global
	GlobalSection(SolutionConfigurationPlatforms) = preSolution
		Debug|Any CPU = Debug|Any CPU
		Release|Any CPU = Release|Any CPU
	EndGlobalSection
	GlobalSection(ProjectConfigurationPlatforms) = postSolution
		{8757D744-A345-4C68-910B-C0CFA6FEA559}.Debug|Any CPU.ActiveCfg = Debug|Any CPU
		{8757D744-A345-4C68-910B-C0CFA6FEA559}.Debug|Any CPU.Build.0 = Debug|Any CPU
		{8757D744-A345-4C68-910B-C0CFA6FEA559}.Release|Any CPU.ActiveCfg = Release|Any CPU
		{8757D744-A345-4C68-910B-C0CFA6FEA559}.Release|Any CPU.Build.0 = Release|Any CPU
		{4CF65CBA-510D-4305-96C4-343F6D975CB8}.Debug|Any CPU.ActiveCfg = Debug|Any CPU
		{4CF65CBA-510D-4305-96C4-343F6D975CB8}.Debug|Any CPU.Build.0 = Debug|Any CPU
		{4CF65CBA-510D-4305-96C4-343F6D975CB8}.Release|Any CPU.ActiveCfg = Release|Any CPU
		{4CF65CBA-510D-4305-96C4-343F6D975CB8}.Release|Any CPU.Build.0 = Release|Any CPU
		{3EF6820D-F715-4EC0-9A85-4A8236A8C537}.Debug|Any CPU.ActiveCfg = Debug|Any CPU
		{3EF6820D-F715-4EC0-9A85-4A8236A8C537}.Debug|Any CPU.Build.0 = Debug|Any CPU
		{3EF6820D-F715-4EC0-9A85-4A8236A8C537}.Release|Any CPU.ActiveCfg = Release|Any CPU
		{3EF6820D-F715-4EC0-9A85-4A8236A8C537}.Release|Any CPU.Build.0 = Release|Any CPU
	EndGlobalSection
	GlobalSection(SolutionProperties) = preSolution
		HideSolutionNode = FALSE
	EndGlobalSection
	GlobalSection(ExtensibilityGlobals) = postSolution
		SolutionGuid = {FA1B9010-47D9-451A-BEA9-9A1D57BB7F55}
	EndGlobalSection
EndGlobal
